
Microsoft Visual Studio Solution File, Format Version 12.00
# Visual Studio Version 16
VisualStudioVersion = 16.0.30320.27
MinimumVisualStudioVersion = 10.0.40219.1
Project("{FAE04EC0-301F-11D3-BF4B-00C04F79EFBC}") = "PBLauncher", "PBLauncher\PBLauncher.csproj", "{11A5C648-29AB-453E-9ADE-7EB73BD7CE7E}"
EndProject
Global
	GlobalSection(SolutionConfigurationPlatforms) = preSolution
		Debug|Any CPU = Debug|Any CPU
		Release|Any CPU = Release|Any CPU
	EndGlobalSection
	GlobalSection(ProjectConfigurationPlatforms) = postSolution
		{11A5C648-29AB-453E-9ADE-7EB73BD7CE7E}.Debug|Any CPU.ActiveCfg = Debug|Any CPU
		{11A5C648-29AB-453E-9ADE-7EB73BD7CE7E}.Debug|Any CPU.Build.0 = Debug|Any CPU
		{11A5C648-29AB-453E-9ADE-7EB73BD7CE7E}.Release|Any CPU.ActiveCfg = Release|Any CPU
		{11A5C648-29AB-453E-9ADE-7EB73BD7CE7E}.Release|Any CPU.Build.0 = Release|Any CPU
	EndGlobalSection
	GlobalSection(SolutionProperties) = preSolution
		HideSolutionNode = FALSE
	EndGlobalSection
	GlobalSection(ExtensibilityGlobals) = postSolution
		SolutionGuid = {E70C7132-F04A-4D27-9DE2-E2AB52335CD9}
	EndGlobalSection
EndGlobal
